
Microsoft Visual Studio Solution File, Format Version 12.00
# Visual Studio Version 17
VisualStudioVersion = 17.5.33627.172
MinimumVisualStudioVersion = 10.0.40219.1
Project("{00D1A9C2-B5F0-4AF3-8072-F6C62B433612}") = "CellphoneDB", "CellphoneDB\CellphoneDB.sqlproj", "{A9492BAC-E032-4E7B-AEE0-1F80FF04DF1E}"
EndProject
Global
	GlobalSection(SolutionConfigurationPlatforms) = preSolution
		Debug|Any CPU = Debug|Any CPU
		Release|Any CPU = Release|Any CPU
	EndGlobalSection
	GlobalSection(ProjectConfigurationPlatforms) = postSolution
		{A9492BAC-E032-4E7B-AEE0-1F80FF04DF1E}.Debug|Any CPU.ActiveCfg = Debug|Any CPU
		{A9492BAC-E032-4E7B-AEE0-1F80FF04DF1E}.Debug|Any CPU.Build.0 = Debug|Any CPU
		{A9492BAC-E032-4E7B-AEE0-1F80FF04DF1E}.Debug|Any CPU.Deploy.0 = Debug|Any CPU
		{A9492BAC-E032-4E7B-AEE0-1F80FF04DF1E}.Release|Any CPU.ActiveCfg = Release|Any CPU
		{A9492BAC-E032-4E7B-AEE0-1F80FF04DF1E}.Release|Any CPU.Build.0 = Release|Any CPU
		{A9492BAC-E032-4E7B-AEE0-1F80FF04DF1E}.Release|Any CPU.Deploy.0 = Release|Any CPU
	EndGlobalSection
	GlobalSection(SolutionProperties) = preSolution
		HideSolutionNode = FALSE
	EndGlobalSection
	GlobalSection(ExtensibilityGlobals) = postSolution
		SolutionGuid = {E298DD08-9876-4C1A-ADEE-66AE1C6E4ADF}
	EndGlobalSection
EndGlobal
